# THIS IS AN AUTOGENERATED FILE. DO NOT EDIT THIS FILE DIRECTLY.
# yarn lockfile v1


"@types/trusted-types@^2.0.7":
  version "2.0.7"
  resolved "https://registry.yarnpkg.com/@types/trusted-types/-/trusted-types-2.0.7.tgz#baccb07a970b91707df3a3e8ba6896c57ead2d11"
  integrity sha512-ScaPdn1dQczgbl0QFTeTOmVHFULt394XJgOQNoyVhZ6r2vLnMLJfBPd53SB52T/3G36VI1/g2MZaX0cwDuXsfw==

chroma-js@^3.2.0:
  version "3.2.0"
  resolved "https://registry.yarnpkg.com/chroma-js/-/chroma-js-3.2.0.tgz#4e9e665290b9bbfece524fccf759d5120e351ff2"
  integrity sha512-os/OippSlX1RlWWr+QDPcGUZs0uoqr32urfxESG9U93lhUfbnlyckte84Q8P1UQY/qth983AS1JONKmLS4T0nw==

dompurify@3.2.7:
  version "3.2.7"
  resolved "https://registry.yarnpkg.com/dompurify/-/dompurify-3.2.7.tgz#721d63913db5111dd6dfda8d3a748cfd7982d44a"
  integrity sha512-WhL/YuveyGXJaerVlMYGWhvQswa7myDG17P7Vu65EWC05o8vfeNbvNf4d/BOvH99+ZW+LlQsc1GDKMa1vNK6dw==
  optionalDependencies:
    "@types/trusted-types" "^2.0.7"

fast-deep-equal@^3.1.3:
  version "3.1.3"
  resolved "https://registry.yarnpkg.com/fast-deep-equal/-/fast-deep-equal-3.1.3.tgz#3a7d56b559d6cbc3eb512325244e619a65c6c525"
  integrity sha512-f3qQ9oQy9j2AhBe/H9VC91wLmKBCCU/gDOnKNAYG5hswO7BLKj09Hc5HYNz9cGI++xlpDCIgDaitVs03ATR84Q==

marked@14.0.0:
  version "14.0.0"
  resolved "https://registry.yarnpkg.com/marked/-/marked-14.0.0.tgz#79a1477358a59e0660276f8fec76de2c33f35d83"
  integrity sha512-uIj4+faQ+MgHgwUW1l2PsPglZLOLOT1uErt06dAPtx2kjteLAkbsd/0FiYg/MGS+i7ZKLb7w2WClxHkzOOuryQ==

material-icon-theme@^5.36.1:
  version "5.36.1"
  resolved "https://registry.yarnpkg.com/material-icon-theme/-/material-icon-theme-5.36.1.tgz#788a6b1d99073694762334eafecab2ba96d826cb"
  integrity sha512-m61BOQlbzno5KrDMuSb2Z+SxPYXWrVSRZRo6YtmoboZjFdP+HMMAzl6fGlKZUkX7dDBV++eDXYOx5hAsr7derA==
  dependencies:
    chroma-js "^3.2.0"
    fast-deep-equal "^3.1.3"

monaco-editor@^0.55.1:
  version "0.55.1"
  resolved "https://registry.yarnpkg.com/monaco-editor/-/monaco-editor-0.55.1.tgz#e74c6fe5a6bf985b817d2de3eb88d56afc494a1b"
  integrity sha512-jz4x+TJNFHwHtwuV9vA9rMujcZRb0CEilTEwG2rRSpe/A7Jdkuj8xPKttCgOh+v/lkHy7HsZ64oj+q3xoAFl9A==
  dependencies:
    dompurify "3.2.7"
    marked "14.0.0"
